// !$*UTF8*$!
{
	archiveVersion = 1;
	classes = {
	};
	objectVersion = 46;
	objects = {

/* Begin PBXBuildFile section */
		9A31700119365A3C003B58DA /* Foundation.framework in Frameworks */ = {isa = PBXBuildFile; fileRef = 9A31700019365A3C003B58DA /* Foundation.framework */; };
		9A31700319365A3C003B58DA /* CoreGraphics.framework in Frameworks */ = {isa = PBXBuildFile; fileRef = 9A31700219365A3C003B58DA /* CoreGraphics.framework */; };
		9A31700519365A3C003B58DA /* UIKit.framework in Frameworks */ = {isa = PBXBuildFile; fileRef = 9A31700419365A3C003B58DA /* UIKit.framework */; };
		9A31700B19365A3C003B58DA /* InfoPlist.strings in Resources */ = {isa = PBXBuildFile; fileRef = 9A31700919365A3C003B58DA /* InfoPlist.strings */; };
		9A31700D19365A3C003B58DA /* main.m in Sources */ = {isa = PBXBuildFile; fileRef = 9A31700C19365A3C003B58DA /* main.m */; };
		9A31701119365A3C003B58DA /* AppDelegate.m in Sources */ = {isa = PBXBuildFile; fileRef = 9A31701019365A3C003B58DA /* AppDelegate.m */; };
		9A31701319365A3C003B58DA /* Images.xcassets in Resources */ = {isa = PBXBuildFile; fileRef = 9A31701219365A3C003B58DA /* Images.xcassets */; };
		9A31701A19365A3C003B58DA /* XCTest.framework in Frameworks */ = {isa = PBXBuildFile; fileRef = 9A31701919365A3C003B58DA /* XCTest.framework */; };
		9A31701B19365A3C003B58DA /* Foundation.framework in Frameworks */ = {isa = PBXBuildFile; fileRef = 9A31700019365A3C003B58DA /* Foundation.framework */; };
		9A31701C19365A3C003B58DA /* UIKit.framework in Frameworks */ = {isa = PBXBuildFile; fileRef = 9A31700419365A3C003B58DA /* UIKit.framework */; };
		9A31702419365A3C003B58DA /* InfoPlist.strings in Resources */ = {isa = PBXBuildFile; fileRef = 9A31702219365A3C003B58DA /* InfoPlist.strings */; };
		9A31702619365A3C003B58DA /* RZFunctionalContainersTests.m in Sources */ = {isa = PBXBuildFile; fileRef = 9A31702519365A3C003B58DA /* RZFunctionalContainersTests.m */; };
/* End PBXBuildFile section */

/* Begin PBXContainerItemProxy section */
		9A31701D19365A3C003B58DA /* PBXContainerItemProxy */ = {
			isa = PBXContainerItemProxy;
			containerPortal = 9A316FF519365A3B003B58DA /* Project object */;
			proxyType = 1;
			remoteGlobalIDString = 9A316FFC19365A3C003B58DA;
			remoteInfo = RZFunctionalContainers;
		};
/* End PBXContainerItemProxy section */

/* Begin PBXFileReference section */
		9A316FFD19365A3C003B58DA /* RZFunctionalContainers.app */ = {isa = PBXFileReference; explicitFileType = wrapper.application; includeInIndex = 0; path = RZFunctionalContainers.app; sourceTree = BUILT_PRODUCTS_DIR; };
		9A31700019365A3C003B58DA /* Foundation.framework */ = {isa = PBXFileReference; lastKnownFileType = wrapper.framework; name = Foundation.framework; path = System/Library/Frameworks/Foundation.framework; sourceTree = SDKROOT; };
		9A31700219365A3C003B58DA /* CoreGraphics.framework */ = {isa = PBXFileReference; lastKnownFileType = wrapper.framework; name = CoreGraphics.framework; path = System/Library/Frameworks/CoreGraphics.framework; sourceTree = SDKROOT; };
		9A31700419365A3C003B58DA /* UIKit.framework */ = {isa = PBXFileReference; lastKnownFileType = wrapper.framework; name = UIKit.framework; path = System/Library/Frameworks/UIKit.framework; sourceTree = SDKROOT; };
		9A31700819365A3C003B58DA /* RZFunctionalContainers-Info.plist */ = {isa = PBXFileReference; lastKnownFileType = text.plist.xml; path = "RZFunctionalContainers-Info.plist"; sourceTree = "<group>"; };
		9A31700A19365A3C003B58DA /* en */ = {isa = PBXFileReference; lastKnownFileType = text.plist.strings; name = en; path = en.lproj/InfoPlist.strings; sourceTree = "<group>"; };
		9A31700C19365A3C003B58DA /* main.m */ = {isa = PBXFileReference; lastKnownFileType = sourcecode.c.objc; path = main.m; sourceTree = "<group>"; };
		9A31700E19365A3C003B58DA /* RZFunctionalContainers-Prefix.pch */ = {isa = PBXFileReference; lastKnownFileType = sourcecode.c.h; path = "RZFunctionalContainers-Prefix.pch"; sourceTree = "<group>"; };
		9A31700F19365A3C003B58DA /* AppDelegate.h */ = {isa = PBXFileReference; lastKnownFileType = sourcecode.c.h; path = AppDelegate.h; sourceTree = "<group>"; };
		9A31701019365A3C003B58DA /* AppDelegate.m */ = {isa = PBXFileReference; lastKnownFileType = sourcecode.c.objc; path = AppDelegate.m; sourceTree = "<group>"; };
		9A31701219365A3C003B58DA /* Images.xcassets */ = {isa = PBXFileReference; lastKnownFileType = folder.assetcatalog; path = Images.xcassets; sourceTree = "<group>"; };
		9A31701819365A3C003B58DA /* RZFunctionalContainersTests.xctest */ = {isa = PBXFileReference; explicitFileType = wrapper.cfbundle; includeInIndex = 0; path = RZFunctionalContainersTests.xctest; sourceTree = BUILT_PRODUCTS_DIR; };
		9A31701919365A3C003B58DA /* XCTest.framework */ = {isa = PBXFileReference; lastKnownFileType = wrapper.framework; name = XCTest.framework; path = Library/Frameworks/XCTest.framework; sourceTree = DEVELOPER_DIR; };
		9A31702119365A3C003B58DA /* RZFunctionalContainersTests-Info.plist */ = {isa = PBXFileReference; lastKnownFileType = text.plist.xml; path = "RZFunctionalContainersTests-Info.plist"; sourceTree = "<group>"; };
		9A31702319365A3C003B58DA /* en */ = {isa = PBXFileReference; lastKnownFileType = text.plist.strings; name = en; path = en.lproj/InfoPlist.strings; sourceTree = "<group>"; };
		9A31702519365A3C003B58DA /* RZFunctionalContainersTests.m */ = {isa = PBXFileReference; lastKnownFileType = sourcecode.c.objc; path = RZFunctionalContainersTests.m; sourceTree = "<group>"; };
/* End PBXFileReference section */

/* Begin PBXFrameworksBuildPhase section */
		9A316FFA19365A3C003B58DA /* Frameworks */ = {
			isa = PBXFrameworksBuildPhase;
			buildActionMask = 2147483647;
			files = (
				9A31700319365A3C003B58DA /* CoreGraphics.framework in Frameworks */,
				9A31700519365A3C003B58DA /* UIKit.framework in Frameworks */,
				9A31700119365A3C003B58DA /* Foundation.framework in Frameworks */,
			);
			runOnlyForDeploymentPostprocessing = 0;
		};
		9A31701519365A3C003B58DA /* Frameworks */ = {
			isa = PBXFrameworksBuildPhase;
			buildActionMask = 2147483647;
			files = (
				9A31701A19365A3C003B58DA /* XCTest.framework in Frameworks */,
				9A31701C19365A3C003B58DA /* UIKit.framework in Frameworks */,
				9A31701B19365A3C003B58DA /* Foundation.framework in Frameworks */,
			);
			runOnlyForDeploymentPostprocessing = 0;
		};
/* End PBXFrameworksBuildPhase section */

/* Begin PBXGroup section */
		9A316FF419365A3B003B58DA = {
			isa = PBXGroup;
			children = (
				9A31700619365A3C003B58DA /* RZFunctionalContainers */,
				9A31701F19365A3C003B58DA /* RZFunctionalContainersTests */,
				9A316FFF19365A3C003B58DA /* Frameworks */,
				9A316FFE19365A3C003B58DA /* Products */,
			);
			sourceTree = "<group>";
		};
		9A316FFE19365A3C003B58DA /* Products */ = {
			isa = PBXGroup;
			children = (
				9A316FFD19365A3C003B58DA /* RZFunctionalContainers.app */,
				9A31701819365A3C003B58DA /* RZFunctionalContainersTests.xctest */,
			);
			name = Products;
			sourceTree = "<group>";
		};
		9A316FFF19365A3C003B58DA /* Frameworks */ = {
			isa = PBXGroup;
			children = (
				9A31700019365A3C003B58DA /* Foundation.framework */,
				9A31700219365A3C003B58DA /* CoreGraphics.framework */,
				9A31700419365A3C003B58DA /* UIKit.framework */,
				9A31701919365A3C003B58DA /* XCTest.framework */,
			);
			name = Frameworks;
			sourceTree = "<group>";
		};
		9A31700619365A3C003B58DA /* RZFunctionalContainers */ = {
			isa = PBXGroup;
			children = (
				9A31700F19365A3C003B58DA /* AppDelegate.h */,
				9A31701019365A3C003B58DA /* AppDelegate.m */,
				9A31701219365A3C003B58DA /* Images.xcassets */,
				9A31700719365A3C003B58DA /* Supporting Files */,
			);
			path = RZFunctionalContainers;
			sourceTree = "<group>";
		};
		9A31700719365A3C003B58DA /* Supporting Files */ = {
			isa = PBXGroup;
			children = (
				9A31700819365A3C003B58DA /* RZFunctionalContainers-Info.plist */,
				9A31700919365A3C003B58DA /* InfoPlist.strings */,
				9A31700C19365A3C003B58DA /* main.m */,
				9A31700E19365A3C003B58DA /* RZFunctionalContainers-Prefix.pch */,
			);
			name = "Supporting Files";
			sourceTree = "<group>";
		};
		9A31701F19365A3C003B58DA /* RZFunctionalContainersTests */ = {
			isa = PBXGroup;
			children = (
				9A31702519365A3C003B58DA /* RZFunctionalContainersTests.m */,
				9A31702019365A3C003B58DA /* Supporting Files */,
			);
			path = RZFunctionalContainersTests;
			sourceTree = "<group>";
		};
		9A31702019365A3C003B58DA /* Supporting Files */ = {
			isa = PBXGroup;
			children = (
				9A31702119365A3C003B58DA /* RZFunctionalContainersTests-Info.plist */,
				9A31702219365A3C003B58DA /* InfoPlist.strings */,
			);
			name = "Supporting Files";
			sourceTree = "<group>";
		};
/* End PBXGroup section */

/* Begin PBXNativeTarget section */
		9A316FFC19365A3C003B58DA /* RZFunctionalContainers */ = {
			isa = PBXNativeTarget;
			buildConfigurationList = 9A31702919365A3C003B58DA /* Build configuration list for PBXNativeTarget "RZFunctionalContainers" */;
			buildPhases = (
				9A316FF919365A3C003B58DA /* Sources */,
				9A316FFA19365A3C003B58DA /* Frameworks */,
				9A316FFB19365A3C003B58DA /* Resources */,
			);
			buildRules = (
			);
			dependencies = (
			);
			name = RZFunctionalContainers;
			productName = RZFunctionalContainers;
			productReference = 9A316FFD19365A3C003B58DA /* RZFunctionalContainers.app */;
			productType = "com.apple.product-type.application";
		};
		9A31701719365A3C003B58DA /* RZFunctionalContainersTests */ = {
			isa = PBXNativeTarget;
			buildConfigurationList = 9A31702C19365A3C003B58DA /* Build configuration list for PBXNativeTarget "RZFunctionalContainersTests" */;
			buildPhases = (
				9A31701419365A3C003B58DA /* Sources */,
				9A31701519365A3C003B58DA /* Frameworks */,
				9A31701619365A3C003B58DA /* Resources */,
			);
			buildRules = (
			);
			dependencies = (
				9A31701E19365A3C003B58DA /* PBXTargetDependency */,
			);
			name = RZFunctionalContainersTests;
			productName = RZFunctionalContainersTests;
			productReference = 9A31701819365A3C003B58DA /* RZFunctionalContainersTests.xctest */;
			productType = "com.apple.product-type.bundle.unit-test";
		};
/* End PBXNativeTarget section */

/* Begin PBXProject section */
		9A316FF519365A3B003B58DA /* Project object */ = {
			isa = PBXProject;
			attributes = {
				LastUpgradeCheck = 0510;
				ORGANIZATIONNAME = Raizlabs;
				TargetAttributes = {
					9A31701719365A3C003B58DA = {
						TestTargetID = 9A316FFC19365A3C003B58DA;
					};
				};
			};
			buildConfigurationList = 9A316FF819365A3B003B58DA /* Build configuration list for PBXProject "RZFunctionalContainers" */;
			compatibilityVersion = "Xcode 3.2";
			developmentRegion = English;
			hasScannedForEncodings = 0;
			knownRegions = (
				en,
			);
			mainGroup = 9A316FF419365A3B003B58DA;
			productRefGroup = 9A316FFE19365A3C003B58DA /* Products */;
			projectDirPath = "";
			projectRoot = "";
			targets = (
				9A316FFC19365A3C003B58DA /* RZFunctionalContainers */,
				9A31701719365A3C003B58DA /* RZFunctionalContainersTests */,
			);
		};
/* End PBXProject section */

/* Begin PBXResourcesBuildPhase section */
		9A316FFB19365A3C003B58DA /* Resources */ = {
			isa = PBXResourcesBuildPhase;
			buildActionMask = 2147483647;
			files = (
				9A31700B19365A3C003B58DA /* InfoPlist.strings in Resources */,
				9A31701319365A3C003B58DA /* Images.xcassets in Resources */,
			);
			runOnlyForDeploymentPostprocessing = 0;
		};
		9A31701619365A3C003B58DA /* Resources */ = {
			isa = PBXResourcesBuildPhase;
			buildActionMask = 2147483647;
			files = (
				9A31702419365A3C003B58DA /* InfoPlist.strings in Resources */,
			);
			runOnlyForDeploymentPostprocessing = 0;
		};
/* End PBXResourcesBuildPhase section */

/* Begin PBXSourcesBuildPhase section */
		9A316FF919365A3C003B58DA /* Sources */ = {
			isa = PBXSourcesBuildPhase;
			buildActionMask = 2147483647;
			files = (
				9A31701119365A3C003B58DA /* AppDelegate.m in Sources */,
				9A31700D19365A3C003B58DA /* main.m in Sources */,
			);
			runOnlyForDeploymentPostprocessing = 0;
		};
		9A31701419365A3C003B58DA /* Sources */ = {
			isa = PBXSourcesBuildPhase;
			buildActionMask = 2147483647;
			files = (
				9A31702619365A3C003B58DA /* RZFunctionalContainersTests.m in Sources */,
			);
			runOnlyForDeploymentPostprocessing = 0;
		};
/* End PBXSourcesBuildPhase section */

/* Begin PBXTargetDependency section */
		9A31701E19365A3C003B58DA /* PBXTargetDependency */ = {
			isa = PBXTargetDependency;
			target = 9A316FFC19365A3C003B58DA /* RZFunctionalContainers */;
			targetProxy = 9A31701D19365A3C003B58DA /* PBXContainerItemProxy */;
		};
/* End PBXTargetDependency section */

/* Begin PBXVariantGroup section */
		9A31700919365A3C003B58DA /* InfoPlist.strings */ = {
			isa = PBXVariantGroup;
			children = (
				9A31700A19365A3C003B58DA /* en */,
			);
			name = InfoPlist.strings;
			sourceTree = "<group>";
		};
		9A31702219365A3C003B58DA /* InfoPlist.strings */ = {
			isa = PBXVariantGroup;
			children = (
				9A31702319365A3C003B58DA /* en */,
			);
			name = InfoPlist.strings;
			sourceTree = "<group>";
		};
/* End PBXVariantGroup section */

/* Begin XCBuildConfiguration section */
		9A31702719365A3C003B58DA /* Debug */ = {
			isa = XCBuildConfiguration;
			buildSettings = {
				ALWAYS_SEARCH_USER_PATHS = NO;
				CLANG_CXX_LANGUAGE_STANDARD = "gnu++0x";
				CLANG_CXX_LIBRARY = "libc++";
				CLANG_ENABLE_MODULES = YES;
				CLANG_ENABLE_OBJC_ARC = YES;
				CLANG_WARN_BOOL_CONVERSION = YES;
				CLANG_WARN_CONSTANT_CONVERSION = YES;
				CLANG_WARN_DIRECT_OBJC_ISA_USAGE = YES_ERROR;
				CLANG_WARN_EMPTY_BODY = YES;
				CLANG_WARN_ENUM_CONVERSION = YES;
				CLANG_WARN_INT_CONVERSION = YES;
				CLANG_WARN_OBJC_ROOT_CLASS = YES_ERROR;
				CLANG_WARN__DUPLICATE_METHOD_MATCH = YES;
				"CODE_SIGN_IDENTITY[sdk=iphoneos*]" = "iPhone Developer";
				COPY_PHASE_STRIP = NO;
				GCC_C_LANGUAGE_STANDARD = gnu99;
				GCC_DYNAMIC_NO_PIC = NO;
				GCC_OPTIMIZATION_LEVEL = 0;
				GCC_PREPROCESSOR_DEFINITIONS = (
					"DEBUG=1",
					"$(inherited)",
				);
				GCC_SYMBOLS_PRIVATE_EXTERN = NO;
				GCC_WARN_64_TO_32_BIT_CONVERSION = YES;
				GCC_WARN_ABOUT_RETURN_TYPE = YES_ERROR;
				GCC_WARN_UNDECLARED_SELECTOR = YES;
				GCC_WARN_UNINITIALIZED_AUTOS = YES_AGGRESSIVE;
				GCC_WARN_UNUSED_FUNCTION = YES;
				GCC_WARN_UNUSED_VARIABLE = YES;
				IPHONEOS_DEPLOYMENT_TARGET = 7.1;
				ONLY_ACTIVE_ARCH = YES;
				SDKROOT = iphoneos;
				TARGETED_DEVICE_FAMILY = "1,2";
			};
			name = Debug;
		};
		9A31702819365A3C003B58DA /* Release */ = {
			isa = XCBuildConfiguration;
			buildSettings = {
				ALWAYS_SEARCH_USER_PATHS = NO;
				CLANG_CXX_LANGUAGE_STANDARD = "gnu++0x";
				CLANG_CXX_LIBRARY = "libc++";
				CLANG_ENABLE_MODULES = YES;
				CLANG_ENABLE_OBJC_ARC = YES;
				CLANG_WARN_BOOL_CONVERSION = YES;
				CLANG_WARN_CONSTANT_CONVERSION = YES;
				CLANG_WARN_DIRECT_OBJC_ISA_USAGE = YES_ERROR;
				CLANG_WARN_EMPTY_BODY = YES;
				CLANG_WARN_ENUM_CONVERSION = YES;
				CLANG_WARN_INT_CONVERSION = YES;
				CLANG_WARN_OBJC_ROOT_CLASS = YES_ERROR;
				CLANG_WARN__DUPLICATE_METHOD_MATCH = YES;
				"CODE_SIGN_IDENTITY[sdk=iphoneos*]" = "iPhone Developer";
				COPY_PHASE_STRIP = YES;
				ENABLE_NS_ASSERTIONS = NO;
				GCC_C_LANGUAGE_STANDARD = gnu99;
				GCC_WARN_64_TO_32_BIT_CONVERSION = YES;
				GCC_WARN_ABOUT_RETURN_TYPE = YES_ERROR;
				GCC_WARN_UNDECLARED_SELECTOR = YES;
				GCC_WARN_UNINITIALIZED_AUTOS = YES_AGGRESSIVE;
				GCC_WARN_UNUSED_FUNCTION = YES;
				GCC_WARN_UNUSED_VARIABLE = YES;
				IPHONEOS_DEPLOYMENT_TARGET = 7.1;
				SDKROOT = iphoneos;
				TARGETED_DEVICE_FAMILY = "1,2";
				VALIDATE_PRODUCT = YES;
			};
			name = Release;
		};
		9A31702A19365A3C003B58DA /* Debug */ = {
			isa = XCBuildConfiguration;
			buildSettings = {
				ASSETCATALOG_COMPILER_APPICON_NAME = AppIcon;
				ASSETCATALOG_COMPILER_LAUNCHIMAGE_NAME = LaunchImage;
				GCC_PRECOMPILE_PREFIX_HEADER = YES;
				GCC_PREFIX_HEADER = "RZFunctionalContainers/RZFunctionalContainers-Prefix.pch";
				INFOPLIST_FILE = "RZFunctionalContainers/RZFunctionalContainers-Info.plist";
				PRODUCT_NAME = "$(TARGET_NAME)";
				WRAPPER_EXTENSION = app;
			};
			name = Debug;
		};
		9A31702B19365A3C003B58DA /* Release */ = {
			isa = XCBuildConfiguration;
			buildSettings = {
				ASSETCATALOG_COMPILER_APPICON_NAME = AppIcon;
				ASSETCATALOG_COMPILER_LAUNCHIMAGE_NAME = LaunchImage;
				GCC_PRECOMPILE_PREFIX_HEADER = YES;
				GCC_PREFIX_HEADER = "RZFunctionalContainers/RZFunctionalContainers-Prefix.pch";
				INFOPLIST_FILE = "RZFunctionalContainers/RZFunctionalContainers-Info.plist";
				PRODUCT_NAME = "$(TARGET_NAME)";
				WRAPPER_EXTENSION = app;
			};
			name = Release;
		};
		9A31702D19365A3C003B58DA /* Debug */ = {
			isa = XCBuildConfiguration;
			buildSettings = {
				BUNDLE_LOADER = "$(BUILT_PRODUCTS_DIR)/RZFunctionalContainers.app/RZFunctionalContainers";
				FRAMEWORK_SEARCH_PATHS = (
					"$(SDKROOT)/Developer/Library/Frameworks",
					"$(inherited)",
					"$(DEVELOPER_FRAMEWORKS_DIR)",
				);
				GCC_PRECOMPILE_PREFIX_HEADER = YES;
				GCC_PREFIX_HEADER = "RZFunctionalContainers/RZFunctionalContainers-Prefix.pch";
				GCC_PREPROCESSOR_DEFINITIONS = (
					"DEBUG=1",
					"$(inherited)",
				);
				INFOPLIST_FILE = "RZFunctionalContainersTests/RZFunctionalContainersTests-Info.plist";
				PRODUCT_NAME = "$(TARGET_NAME)";
				TEST_HOST = "$(BUNDLE_LOADER)";
				WRAPPER_EXTENSION = xctest;
			};
			name = Debug;
		};
		9A31702E19365A3C003B58DA /* Release */ = {
			isa = XCBuildConfiguration;
			buildSettings = {
				BUNDLE_LOADER = "$(BUILT_PRODUCTS_DIR)/RZFunctionalContainers.app/RZFunctionalContainers";
				FRAMEWORK_SEARCH_PATHS = (
					"$(SDKROOT)/Developer/Library/Frameworks",
					"$(inherited)",
					"$(DEVELOPER_FRAMEWORKS_DIR)",
				);
				GCC_PRECOMPILE_PREFIX_HEADER = YES;
				GCC_PREFIX_HEADER = "RZFunctionalContainers/RZFunctionalContainers-Prefix.pch";
				INFOPLIST_FILE = "RZFunctionalContainersTests/RZFunctionalContainersTests-Info.plist";
				PRODUCT_NAME = "$(TARGET_NAME)";
				TEST_HOST = "$(BUNDLE_LOADER)";
				WRAPPER_EXTENSION = xctest;
			};
			name = Release;
		};
/* End XCBuildConfiguration section */

/* Begin XCConfigurationList section */
		9A316FF819365A3B003B58DA /* Build configuration list for PBXProject "RZFunctionalContainers" */ = {
			isa = XCConfigurationList;
			buildConfigurations = (
				9A31702719365A3C003B58DA /* Debug */,
				9A31702819365A3C003B58DA /* Release */,
			);
			defaultConfigurationIsVisible = 0;
			defaultConfigurationName = Release;
		};
		9A31702919365A3C003B58DA /* Build configuration list for PBXNativeTarget "RZFunctionalContainers" */ = {
			isa = XCConfigurationList;
			buildConfigurations = (
				9A31702A19365A3C003B58DA /* Debug */,
				9A31702B19365A3C003B58DA /* Release */,
			);
			defaultConfigurationIsVisible = 0;
		};
		9A31702C19365A3C003B58DA /* Build configuration list for PBXNativeTarget "RZFunctionalContainersTests" */ = {
			isa = XCConfigurationList;
			buildConfigurations = (
				9A31702D19365A3C003B58DA /* Debug */,
				9A31702E19365A3C003B58DA /* Release */,
			);
			defaultConfigurationIsVisible = 0;
		};
/* End XCConfigurationList section */
	};
	rootObject = 9A316FF519365A3B003B58DA /* Project object */;
}
